// !$*UTF8*$!
{
	archiveVersion = 1;
	classes = {
	};
	objectVersion = 50;
	objects = {

/* Begin PBXBuildFile section */
		5B1A0E4722B0ED5B00008C5E /* AppDelegate.swift in Sources */ = {isa = PBXBuildFile; fileRef = 5B1A0E4622B0ED5B00008C5E /* AppDelegate.swift */; };
		5B1A0E4922B0ED5B00008C5E /* ViewController.swift in Sources */ = {isa = PBXBuildFile; fileRef = 5B1A0E4822B0ED5B00008C5E /* ViewController.swift */; };
		5B1A0E4C22B0ED5B00008C5E /* Main.storyboard in Resources */ = {isa = PBXBuildFile; fileRef = 5B1A0E4A22B0ED5B00008C5E /* Main.storyboard */; };
		5B1A0E4E22B0ED5E00008C5E /* Assets.xcassets in Resources */ = {isa = PBXBuildFile; fileRef = 5B1A0E4D22B0ED5E00008C5E /* Assets.xcassets */; };
		5B1A0E5122B0ED5E00008C5E /* LaunchScreen.storyboard in Resources */ = {isa = PBXBuildFile; fileRef = 5B1A0E4F22B0ED5E00008C5E /* LaunchScreen.storyboard */; };
		647012E8A045ABCDEA3B995A /* libPods-MXFileManageriOS.a in Frameworks */ = {isa = PBXBuildFile; fileRef = 48D6F69F16CEB18E6729ECDA /* libPods-MXFileManageriOS.a */; };
/* End PBXBuildFile section */

/* Begin PBXFileReference section */
		48D6F69F16CEB18E6729ECDA /* libPods-MXFileManageriOS.a */ = {isa = PBXFileReference; explicitFileType = archive.ar; includeInIndex = 0; path = "libPods-MXFileManageriOS.a"; sourceTree = BUILT_PRODUCTS_DIR; };
		5B1A0E4322B0ED5B00008C5E /* MXFileManageriOS.app */ = {isa = PBXFileReference; explicitFileType = wrapper.application; includeInIndex = 0; path = MXFileManageriOS.app; sourceTree = BUILT_PRODUCTS_DIR; };
		5B1A0E4622B0ED5B00008C5E /* AppDelegate.swift */ = {isa = PBXFileReference; lastKnownFileType = sourcecode.swift; path = AppDelegate.swift; sourceTree = "<group>"; };
		5B1A0E4822B0ED5B00008C5E /* ViewController.swift */ = {isa = PBXFileReference; lastKnownFileType = sourcecode.swift; path = ViewController.swift; sourceTree = "<group>"; };
		5B1A0E4B22B0ED5B00008C5E /* Base */ = {isa = PBXFileReference; lastKnownFileType = file.storyboard; name = Base; path = Base.lproj/Main.storyboard; sourceTree = "<group>"; };
		5B1A0E4D22B0ED5E00008C5E /* Assets.xcassets */ = {isa = PBXFileReference; lastKnownFileType = folder.assetcatalog; path = Assets.xcassets; sourceTree = "<group>"; };
		5B1A0E5022B0ED5E00008C5E /* Base */ = {isa = PBXFileReference; lastKnownFileType = file.storyboard; name = Base; path = Base.lproj/LaunchScreen.storyboard; sourceTree = "<group>"; };
		5B1A0E5222B0ED5E00008C5E /* Info.plist */ = {isa = PBXFileReference; lastKnownFileType = text.plist.xml; path = Info.plist; sourceTree = "<group>"; };
		7B239E0F190F004290C6F838 /* Pods-MXFileManageriOS.debug.xcconfig */ = {isa = PBXFileReference; includeInIndex = 1; lastKnownFileType = text.xcconfig; name = "Pods-MXFileManageriOS.debug.xcconfig"; path = "Target Support Files/Pods-MXFileManageriOS/Pods-MXFileManageriOS.debug.xcconfig"; sourceTree = "<group>"; };
		E1EE7B9D5F77FC79F7319912 /* Pods-MXFileManageriOS.release.xcconfig */ = {isa = PBXFileReference; includeInIndex = 1; lastKnownFileType = text.xcconfig; name = "Pods-MXFileManageriOS.release.xcconfig"; path = "Target Support Files/Pods-MXFileManageriOS/Pods-MXFileManageriOS.release.xcconfig"; sourceTree = "<group>"; };
/* End PBXFileReference section */

/* Begin PBXFrameworksBuildPhase section */
		5B1A0E4022B0ED5B00008C5E /* Frameworks */ = {
			isa = PBXFrameworksBuildPhase;
			buildActionMask = 2147483647;
			files = (
				647012E8A045ABCDEA3B995A /* libPods-MXFileManageriOS.a in Frameworks */,
			);
			runOnlyForDeploymentPostprocessing = 0;
		};
/* End PBXFrameworksBuildPhase section */

/* Begin PBXGroup section */
		5B1A0E3A22B0ED5B00008C5E = {
			isa = PBXGroup;
			children = (
				5B1A0E4522B0ED5B00008C5E /* MXFileManageriOS */,
				5B1A0E4422B0ED5B00008C5E /* Products */,
				A0344534766A17DED8881CF8 /* Pods */,
				AE609D45AB25B0D31E55935F /* Frameworks */,
			);
			sourceTree = "<group>";
		};
		5B1A0E4422B0ED5B00008C5E /* Products */ = {
			isa = PBXGroup;
			children = (
				5B1A0E4322B0ED5B00008C5E /* MXFileManageriOS.app */,
			);
			name = Products;
			sourceTree = "<group>";
		};
		5B1A0E4522B0ED5B00008C5E /* MXFileManageriOS */ = {
			isa = PBXGroup;
			children = (
				5B1A0E4622B0ED5B00008C5E /* AppDelegate.swift */,
				5B1A0E4822B0ED5B00008C5E /* ViewController.swift */,
				5B1A0E4A22B0ED5B00008C5E /* Main.storyboard */,
				5B1A0E4D22B0ED5E00008C5E /* Assets.xcassets */,
				5B1A0E4F22B0ED5E00008C5E /* LaunchScreen.storyboard */,
				5B1A0E5222B0ED5E00008C5E /* Info.plist */,
			);
			path = MXFileManageriOS;
			sourceTree = "<group>";
		};
		A0344534766A17DED8881CF8 /* Pods */ = {
			isa = PBXGroup;
			children = (
				7B239E0F190F004290C6F838 /* Pods-MXFileManageriOS.debug.xcconfig */,
				E1EE7B9D5F77FC79F7319912 /* Pods-MXFileManageriOS.release.xcconfig */,
			);
			name = Pods;
			path = Pods;
			sourceTree = "<group>";
		};
		AE609D45AB25B0D31E55935F /* Frameworks */ = {
			isa = PBXGroup;
			children = (
				48D6F69F16CEB18E6729ECDA /* libPods-MXFileManageriOS.a */,
			);
			name = Frameworks;
			sourceTree = "<group>";
		};
/* End PBXGroup section */

/* Begin PBXNativeTarget section */
		5B1A0E4222B0ED5B00008C5E /* MXFileManageriOS */ = {
			isa = PBXNativeTarget;
			buildConfigurationList = 5B1A0E5522B0ED5E00008C5E /* Build configuration list for PBXNativeTarget "MXFileManageriOS" */;
			buildPhases = (
				8C3FC0E34060EAE15118627B /* [CP] Check Pods Manifest.lock */,
				5B1A0E3F22B0ED5B00008C5E /* Sources */,
				5B1A0E4022B0ED5B00008C5E /* Frameworks */,
				5B1A0E4122B0ED5B00008C5E /* Resources */,
			);
			buildRules = (
			);
			dependencies = (
			);
			name = MXFileManageriOS;
			productName = MXFileManageriOS;
			productReference = 5B1A0E4322B0ED5B00008C5E /* MXFileManageriOS.app */;
			productType = "com.apple.product-type.application";
		};
/* End PBXNativeTarget section */

/* Begin PBXProject section */
		5B1A0E3B22B0ED5B00008C5E /* Project object */ = {
			isa = PBXProject;
			attributes = {
				LastSwiftUpdateCheck = 1020;
				LastUpgradeCheck = 1020;
				ORGANIZATIONNAME = Emucoo;
				TargetAttributes = {
					5B1A0E4222B0ED5B00008C5E = {
						CreatedOnToolsVersion = 10.2.1;
					};
				};
			};
			buildConfigurationList = 5B1A0E3E22B0ED5B00008C5E /* Build configuration list for PBXProject "MXFileManageriOS" */;
			compatibilityVersion = "Xcode 9.3";
			developmentRegion = en;
			hasScannedForEncodings = 0;
			knownRegions = (
				en,
				Base,
			);
			mainGroup = 5B1A0E3A22B0ED5B00008C5E;
			productRefGroup = 5B1A0E4422B0ED5B00008C5E /* Products */;
			projectDirPath = "";
			projectRoot = "";
			targets = (
				5B1A0E4222B0ED5B00008C5E /* MXFileManageriOS */,
			);
		};
/* End PBXProject section */

/* Begin PBXResourcesBuildPhase section */
		5B1A0E4122B0ED5B00008C5E /* Resources */ = {
			isa = PBXResourcesBuildPhase;
			buildActionMask = 2147483647;
			files = (
				5B1A0E5122B0ED5E00008C5E /* LaunchScreen.storyboard in Resources */,
				5B1A0E4E22B0ED5E00008C5E /* Assets.xcassets in Resources */,
				5B1A0E4C22B0ED5B00008C5E /* Main.storyboard in Resources */,
			);
			runOnlyForDeploymentPostprocessing = 0;
		};
/* End PBXResourcesBuildPhase section */

/* Begin PBXShellScriptBuildPhase section */
		8C3FC0E34060EAE15118627B /* [CP] Check Pods Manifest.lock */ = {
			isa = PBXShellScriptBuildPhase;
			buildActionMask = 2147483647;
			files = (
			);
			inputFileListPaths = (
			);
			inputPaths = (
				"${PODS_PODFILE_DIR_PATH}/Podfile.lock",
				"${PODS_ROOT}/Manifest.lock",
			);
			name = "[CP] Check Pods Manifest.lock";
			outputFileListPaths = (
			);
			outputPaths = (
				"$(DERIVED_FILE_DIR)/Pods-MXFileManageriOS-checkManifestLockResult.txt",
			);
			runOnlyForDeploymentPostprocessing = 0;
			shellPath = /bin/sh;
			shellScript = "diff \"${PODS_PODFILE_DIR_PATH}/Podfile.lock\" \"${PODS_ROOT}/Manifest.lock\" > /dev/null\nif [ $? != 0 ] ; then\n    # print error to STDERR\n    echo \"error: The sandbox is not in sync with the Podfile.lock. Run 'pod install' or update your CocoaPods installation.\" >&2\n    exit 1\nfi\n# This output is used by Xcode 'outputs' to avoid re-running this script phase.\necho \"SUCCESS\" > \"${SCRIPT_OUTPUT_FILE_0}\"\n";
			showEnvVarsInLog = 0;
		};
/* End PBXShellScriptBuildPhase section */

/* Begin PBXSourcesBuildPhase section */
		5B1A0E3F22B0ED5B00008C5E /* Sources */ = {
			isa = PBXSourcesBuildPhase;
			buildActionMask = 2147483647;
			files = (
				5B1A0E4922B0ED5B00008C5E /* ViewController.swift in Sources */,
				5B1A0E4722B0ED5B00008C5E /* AppDelegate.swift in Sources */,
			);
			runOnlyForDeploymentPostprocessing = 0;
		};
/* End PBXSourcesBuildPhase section */

/* Begin PBXVariantGroup section */
		5B1A0E4A22B0ED5B00008C5E /* Main.storyboard */ = {
			isa = PBXVariantGroup;
			children = (
				5B1A0E4B22B0ED5B00008C5E /* Base */,
			);
			name = Main.storyboard;
			sourceTree = "<group>";
		};
		5B1A0E4F22B0ED5E00008C5E /* LaunchScreen.storyboard */ = {
			isa = PBXVariantGroup;
			children = (
				5B1A0E5022B0ED5E00008C5E /* Base */,
			);
			name = LaunchScreen.storyboard;
			sourceTree = "<group>";
		};
/* End PBXVariantGroup section */

/* Begin XCBuildConfiguration section */
		5B1A0E5322B0ED5E00008C5E /* Debug */ = {
			isa = XCBuildConfiguration;
			buildSettings = {
				ALWAYS_SEARCH_USER_PATHS = NO;
				CLANG_ANALYZER_NONNULL = YES;
				CLANG_ANALYZER_NUMBER_OBJECT_CONVERSION = YES_AGGRESSIVE;
				CLANG_CXX_LANGUAGE_STANDARD = "gnu++14";
				CLANG_CXX_LIBRARY = "libc++";
				CLANG_ENABLE_MODULES = YES;
				CLANG_ENABLE_OBJC_ARC = YES;
				CLANG_ENABLE_OBJC_WEAK = YES;
				CLANG_WARN_BLOCK_CAPTURE_AUTORELEASING = YES;
				CLANG_WARN_BOOL_CONVERSION = YES;
				CLANG_WARN_COMMA = YES;
				CLANG_WARN_CONSTANT_CONVERSION = YES;
				CLANG_WARN_DEPRECATED_OBJC_IMPLEMENTATIONS = YES;
				CLANG_WARN_DIRECT_OBJC_ISA_USAGE = YES_ERROR;
				CLANG_WARN_DOCUMENTATION_COMMENTS = YES;
				CLANG_WARN_EMPTY_BODY = YES;
				CLANG_WARN_ENUM_CONVERSION = YES;
				CLANG_WARN_INFINITE_RECURSION = YES;
				CLANG_WARN_INT_CONVERSION = YES;
				CLANG_WARN_NON_LITERAL_NULL_CONVERSION = YES;
				CLANG_WARN_OBJC_IMPLICIT_RETAIN_SELF = YES;
				CLANG_WARN_OBJC_LITERAL_CONVERSION = YES;
				CLANG_WARN_OBJC_ROOT_CLASS = YES_ERROR;
				CLANG_WARN_RANGE_LOOP_ANALYSIS = YES;
				CLANG_WARN_STRICT_PROTOTYPES = YES;
				CLANG_WARN_SUSPICIOUS_MOVE = YES;
				CLANG_WARN_UNGUARDED_AVAILABILITY = YES_AGGRESSIVE;
				CLANG_WARN_UNREACHABLE_CODE = YES;
				CLANG_WARN__DUPLICATE_METHOD_MATCH = YES;
				CODE_SIGN_IDENTITY = "iPhone Developer";
				COPY_PHASE_STRIP = NO;
				DEBUG_INFORMATION_FORMAT = dwarf;
				ENABLE_STRICT_OBJC_MSGSEND = YES;
				ENABLE_TESTABILITY = YES;
				GCC_C_LANGUAGE_STANDARD = gnu11;
				GCC_DYNAMIC_NO_PIC = NO;
				GCC_NO_COMMON_BLOCKS = YES;
				GCC_OPTIMIZATION_LEVEL = 0;
				GCC_PREPROCESSOR_DEFINITIONS = (
					"DEBUG=1",
					"$(inherited)",
				);
				GCC_WARN_64_TO_32_BIT_CONVERSION = YES;
				GCC_WARN_ABOUT_RETURN_TYPE = YES_ERROR;
				GCC_WARN_UNDECLARED_SELECTOR = YES;
				GCC_WARN_UNINITIALIZED_AUTOS = YES_AGGRESSIVE;
				GCC_WARN_UNUSED_FUNCTION = YES;
				GCC_WARN_UNUSED_VARIABLE = YES;
				IPHONEOS_DEPLOYMENT_TARGET = 12.2;
				MTL_ENABLE_DEBUG_INFO = INCLUDE_SOURCE;
				MTL_FAST_MATH = YES;
				ONLY_ACTIVE_ARCH = YES;
				SDKROOT = iphoneos;
				SWIFT_ACTIVE_COMPILATION_CONDITIONS = DEBUG;
				SWIFT_OPTIMIZATION_LEVEL = "-Onone";
			};
			name = Debug;
		};
		5B1A0E5422B0ED5E00008C5E /* Release */ = {
			isa = XCBuildConfiguration;
			buildSettings = {
				ALWAYS_SEARCH_USER_PATHS = NO;
				CLANG_ANALYZER_NONNULL = YES;
				CLANG_ANALYZER_NUMBER_OBJECT_CONVERSION = YES_AGGRESSIVE;
				CLANG_CXX_LANGUAGE_STANDARD = "gnu++14";
				CLANG_CXX_LIBRARY = "libc++";
				CLANG_ENABLE_MODULES = YES;
				CLANG_ENABLE_OBJC_ARC = YES;
				CLANG_ENABLE_OBJC_WEAK = YES;
				CLANG_WARN_BLOCK_CAPTURE_AUTORELEASING = YES;
				CLANG_WARN_BOOL_CONVERSION = YES;
				CLANG_WARN_COMMA = YES;
				CLANG_WARN_CONSTANT_CONVERSION = YES;
				CLANG_WARN_DEPRECATED_OBJC_IMPLEMENTATIONS = YES;
				CLANG_WARN_DIRECT_OBJC_ISA_USAGE = YES_ERROR;
				CLANG_WARN_DOCUMENTATION_COMMENTS = YES;
				CLANG_WARN_EMPTY_BODY = YES;
				CLANG_WARN_ENUM_CONVERSION = YES;
				CLANG_WARN_INFINITE_RECURSION = YES;
				CLANG_WARN_INT_CONVERSION = YES;
				CLANG_WARN_NON_LITERAL_NULL_CONVERSION = YES;
				CLANG_WARN_OBJC_IMPLICIT_RETAIN_SELF = YES;
				CLANG_WARN_OBJC_LITERAL_CONVERSION = YES;
				CLANG_WARN_OBJC_ROOT_CLASS = YES_ERROR;
				CLANG_WARN_RANGE_LOOP_ANALYSIS = YES;
				CLANG_WARN_STRICT_PROTOTYPES = YES;
				CLANG_WARN_SUSPICIOUS_MOVE = YES;
				CLANG_WARN_UNGUARDED_AVAILABILITY = YES_AGGRESSIVE;
				CLANG_WARN_UNREACHABLE_CODE = YES;
				CLANG_WARN__DUPLICATE_METHOD_MATCH = YES;
				CODE_SIGN_IDENTITY = "iPhone Developer";
				COPY_PHASE_STRIP = NO;
				DEBUG_INFORMATION_FORMAT = "dwarf-with-dsym";
				ENABLE_NS_ASSERTIONS = NO;
				ENABLE_STRICT_OBJC_MSGSEND = YES;
				GCC_C_LANGUAGE_STANDARD = gnu11;
				GCC_NO_COMMON_BLOCKS = YES;
				GCC_WARN_64_TO_32_BIT_CONVERSION = YES;
				GCC_WARN_ABOUT_RETURN_TYPE = YES_ERROR;
				GCC_WARN_UNDECLARED_SELECTOR = YES;
				GCC_WARN_UNINITIALIZED_AUTOS = YES_AGGRESSIVE;
				GCC_WARN_UNUSED_FUNCTION = YES;
				GCC_WARN_UNUSED_VARIABLE = YES;
				IPHONEOS_DEPLOYMENT_TARGET = 12.2;
				MTL_ENABLE_DEBUG_INFO = NO;
				MTL_FAST_MATH = YES;
				SDKROOT = iphoneos;
				SWIFT_COMPILATION_MODE = wholemodule;
				SWIFT_OPTIMIZATION_LEVEL = "-O";
				VALIDATE_PRODUCT = YES;
			};
			name = Release;
		};
		5B1A0E5622B0ED5E00008C5E /* Debug */ = {
			isa = XCBuildConfiguration;
			baseConfigurationReference = 7B239E0F190F004290C6F838 /* Pods-MXFileManageriOS.debug.xcconfig */;
			buildSettings = {
				ASSETCATALOG_COMPILER_APPICON_NAME = AppIcon;
				CODE_SIGN_STYLE = Automatic;
				DEVELOPMENT_TEAM = DCBW8CKASN;
				INFOPLIST_FILE = MXFileManageriOS/Info.plist;
				LD_RUNPATH_SEARCH_PATHS = (
					"$(inherited)",
					"@executable_path/Frameworks",
				);
				PRODUCT_BUNDLE_IDENTIFIER = com.emucoo.MXFileManageriOS;
				PRODUCT_NAME = "$(TARGET_NAME)";
				SWIFT_VERSION = 5.0;
				TARGETED_DEVICE_FAMILY = "1,2";
			};
			name = Debug;
		};
		5B1A0E5722B0ED5E00008C5E /* Release */ = {
			isa = XCBuildConfiguration;
			baseConfigurationReference = E1EE7B9D5F77FC79F7319912 /* Pods-MXFileManageriOS.release.xcconfig */;
			buildSettings = {
				ASSETCATALOG_COMPILER_APPICON_NAME = AppIcon;
				CODE_SIGN_STYLE = Automatic;
				DEVELOPMENT_TEAM = DCBW8CKASN;
				INFOPLIST_FILE = MXFileManageriOS/Info.plist;
				LD_RUNPATH_SEARCH_PATHS = (
					"$(inherited)",
					"@executable_path/Frameworks",
				);
				PRODUCT_BUNDLE_IDENTIFIER = com.emucoo.MXFileManageriOS;
				PRODUCT_NAME = "$(TARGET_NAME)";
				SWIFT_VERSION = 5.0;
				TARGETED_DEVICE_FAMILY = "1,2";
			};
			name = Release;
		};
/* End XCBuildConfiguration section */

/* Begin XCConfigurationList section */
		5B1A0E3E22B0ED5B00008C5E /* Build configuration list for PBXProject "MXFileManageriOS" */ = {
			isa = XCConfigurationList;
			buildConfigurations = (
				5B1A0E5322B0ED5E00008C5E /* Debug */,
				5B1A0E5422B0ED5E00008C5E /* Release */,
			);
			defaultConfigurationIsVisible = 0;
			defaultConfigurationName = Release;
		};
		5B1A0E5522B0ED5E00008C5E /* Build configuration list for PBXNativeTarget "MXFileManageriOS" */ = {
			isa = XCConfigurationList;
			buildConfigurations = (
				5B1A0E5622B0ED5E00008C5E /* Debug */,
				5B1A0E5722B0ED5E00008C5E /* Release */,
			);
			defaultConfigurationIsVisible = 0;
			defaultConfigurationName = Release;
		};
/* End XCConfigurationList section */
	};
	rootObject = 5B1A0E3B22B0ED5B00008C5E /* Project object */;
}
